
Microsoft Visual Studio Solution File, Format Version 12.00
# Visual Studio Version 17
VisualStudioVersion = 17.4.33403.182
MinimumVisualStudioVersion = 10.0.40219.1
Project("{2150E333-8FDC-42A3-9474-1A3956D46DE8}") = "Services", "Services", "{F160DE20-5DBF-4131-B581-A1B9D2B2A371}"
EndProject
Project("{2150E333-8FDC-42A3-9474-1A3956D46DE8}") = "Catalog", "Catalog", "{36569401-C574-41C2-8448-65A05373EE0C}"
EndProject
Project("{9A19103F-16F7-4668-BE54-9A1E7A4F7556}") = "Catalog.API", "Services\Catalog\Catalog.API\Catalog.API.csproj", "{84FB9AE9-4059-4369-ABAA-C6C43B6B80CB}"
EndProject
Project("{E53339B2-1760-4266-BCC7-CA923CBCF16C}") = "docker-compose", "docker-compose.dcproj", "{9CE76544-9BF7-4AE7-A3D5-85F0F17EAE40}"
EndProject
Project("{2150E333-8FDC-42A3-9474-1A3956D46DE8}") = "Basket", "Basket", "{1719D99F-DE2B-4D8E-A6FA-3E119F1F86B6}"
EndProject
Project("{9A19103F-16F7-4668-BE54-9A1E7A4F7556}") = "Basket.Api", "Services\Basket\Basket.Api\Basket.Api.csproj", "{1F5E8E76-AA20-4D69-ABD6-5DD26A6067F5}"
EndProject
Project("{2150E333-8FDC-42A3-9474-1A3956D46DE8}") = "Discount", "Discount", "{00E194D1-0528-4822-A34D-6FE59B236E9F}"
EndProject
Project("{9A19103F-16F7-4668-BE54-9A1E7A4F7556}") = "Discount.Api", "Services\Discount\Discount.Api\Discount.Api.csproj", "{27F95E27-0B36-41E0-8472-C8D0B0861D33}"
EndProject
Project("{9A19103F-16F7-4668-BE54-9A1E7A4F7556}") = "Discount.Grpc", "Services\Discount\Discount.Grpc\Discount.Grpc.csproj", "{537348C1-4E10-4A76-AD1A-BED56F85C9E3}"
EndProject
Project("{2150E333-8FDC-42A3-9474-1A3956D46DE8}") = "Ordering", "Ordering", "{4F35FC46-6B40-421D-8EC4-3AB29529658B}"
EndProject
Project("{9A19103F-16F7-4668-BE54-9A1E7A4F7556}") = "Ordering.API", "Services\Ordering\Ordering.API\Ordering.API.csproj", "{C942928B-BBE0-43DA-8B37-EAFE15494E45}"
EndProject
Project("{9A19103F-16F7-4668-BE54-9A1E7A4F7556}") = "Ordering.Domain", "Services\Ordering\Ordering.Domain\Ordering.Domain.csproj", "{E87EA834-5770-4046-AAF2-E80CBEB1748F}"
EndProject
Project("{9A19103F-16F7-4668-BE54-9A1E7A4F7556}") = "Ordering.Application", "..\Ordering.Application\Ordering.Application.csproj", "{3AF3FDE7-46FF-4D23-BFDC-F5730229F7F2}"
EndProject
Project("{9A19103F-16F7-4668-BE54-9A1E7A4F7556}") = "Ordering.Infrastructure", "..\Ordering.Infrastructure\Ordering.Infrastructure.csproj", "{3504C9D1-A3BF-45C9-B65B-0DA546D81217}"
EndProject
Global
	GlobalSection(SolutionConfigurationPlatforms) = preSolution
		Debug|Any CPU = Debug|Any CPU
		Debug|x64 = Debug|x64
		Release|Any CPU = Release|Any CPU
		Release|x64 = Release|x64
	EndGlobalSection
	GlobalSection(ProjectConfigurationPlatforms) = postSolution
		{84FB9AE9-4059-4369-ABAA-C6C43B6B80CB}.Debug|Any CPU.ActiveCfg = Debug|Any CPU
		{84FB9AE9-4059-4369-ABAA-C6C43B6B80CB}.Debug|Any CPU.Build.0 = Debug|Any CPU
		{84FB9AE9-4059-4369-ABAA-C6C43B6B80CB}.Debug|x64.ActiveCfg = Debug|Any CPU
		{84FB9AE9-4059-4369-ABAA-C6C43B6B80CB}.Debug|x64.Build.0 = Debug|Any CPU
		{84FB9AE9-4059-4369-ABAA-C6C43B6B80CB}.Release|Any CPU.ActiveCfg = Release|Any CPU
		{84FB9AE9-4059-4369-ABAA-C6C43B6B80CB}.Release|Any CPU.Build.0 = Release|Any CPU
		{84FB9AE9-4059-4369-ABAA-C6C43B6B80CB}.Release|x64.ActiveCfg = Release|Any CPU
		{84FB9AE9-4059-4369-ABAA-C6C43B6B80CB}.Release|x64.Build.0 = Release|Any CPU
		{9CE76544-9BF7-4AE7-A3D5-85F0F17EAE40}.Debug|Any CPU.ActiveCfg = Debug|Any CPU
		{9CE76544-9BF7-4AE7-A3D5-85F0F17EAE40}.Debug|Any CPU.Build.0 = Debug|Any CPU
		{9CE76544-9BF7-4AE7-A3D5-85F0F17EAE40}.Debug|x64.ActiveCfg = Debug|Any CPU
		{9CE76544-9BF7-4AE7-A3D5-85F0F17EAE40}.Debug|x64.Build.0 = Debug|Any CPU
		{9CE76544-9BF7-4AE7-A3D5-85F0F17EAE40}.Release|Any CPU.ActiveCfg = Release|Any CPU
		{9CE76544-9BF7-4AE7-A3D5-85F0F17EAE40}.Release|Any CPU.Build.0 = Release|Any CPU
		{9CE76544-9BF7-4AE7-A3D5-85F0F17EAE40}.Release|x64.ActiveCfg = Release|Any CPU
		{9CE76544-9BF7-4AE7-A3D5-85F0F17EAE40}.Release|x64.Build.0 = Release|Any CPU
		{1F5E8E76-AA20-4D69-ABD6-5DD26A6067F5}.Debug|Any CPU.ActiveCfg = Debug|Any CPU
		{1F5E8E76-AA20-4D69-ABD6-5DD26A6067F5}.Debug|Any CPU.Build.0 = Debug|Any CPU
		{1F5E8E76-AA20-4D69-ABD6-5DD26A6067F5}.Debug|x64.ActiveCfg = Debug|Any CPU
		{1F5E8E76-AA20-4D69-ABD6-5DD26A6067F5}.Debug|x64.Build.0 = Debug|Any CPU
		{1F5E8E76-AA20-4D69-ABD6-5DD26A6067F5}.Release|Any CPU.ActiveCfg = Release|Any CPU
		{1F5E8E76-AA20-4D69-ABD6-5DD26A6067F5}.Release|Any CPU.Build.0 = Release|Any CPU
		{1F5E8E76-AA20-4D69-ABD6-5DD26A6067F5}.Release|x64.ActiveCfg = Release|Any CPU
		{1F5E8E76-AA20-4D69-ABD6-5DD26A6067F5}.Release|x64.Build.0 = Release|Any CPU
		{27F95E27-0B36-41E0-8472-C8D0B0861D33}.Debug|Any CPU.ActiveCfg = Debug|Any CPU
		{27F95E27-0B36-41E0-8472-C8D0B0861D33}.Debug|Any CPU.Build.0 = Debug|Any CPU
		{27F95E27-0B36-41E0-8472-C8D0B0861D33}.Debug|x64.ActiveCfg = Debug|Any CPU
		{27F95E27-0B36-41E0-8472-C8D0B0861D33}.Debug|x64.Build.0 = Debug|Any CPU
		{27F95E27-0B36-41E0-8472-C8D0B0861D33}.Release|Any CPU.ActiveCfg = Release|Any CPU
		{27F95E27-0B36-41E0-8472-C8D0B0861D33}.Release|Any CPU.Build.0 = Release|Any CPU
		{27F95E27-0B36-41E0-8472-C8D0B0861D33}.Release|x64.ActiveCfg = Release|Any CPU
		{27F95E27-0B36-41E0-8472-C8D0B0861D33}.Release|x64.Build.0 = Release|Any CPU
		{537348C1-4E10-4A76-AD1A-BED56F85C9E3}.Debug|Any CPU.ActiveCfg = Debug|Any CPU
		{537348C1-4E10-4A76-AD1A-BED56F85C9E3}.Debug|Any CPU.Build.0 = Debug|Any CPU
		{537348C1-4E10-4A76-AD1A-BED56F85C9E3}.Debug|x64.ActiveCfg = Debug|Any CPU
		{537348C1-4E10-4A76-AD1A-BED56F85C9E3}.Debug|x64.Build.0 = Debug|Any CPU
		{537348C1-4E10-4A76-AD1A-BED56F85C9E3}.Release|Any CPU.ActiveCfg = Release|Any CPU
		{537348C1-4E10-4A76-AD1A-BED56F85C9E3}.Release|Any CPU.Build.0 = Release|Any CPU
		{537348C1-4E10-4A76-AD1A-BED56F85C9E3}.Release|x64.ActiveCfg = Release|Any CPU
		{537348C1-4E10-4A76-AD1A-BED56F85C9E3}.Release|x64.Build.0 = Release|Any CPU
		{C942928B-BBE0-43DA-8B37-EAFE15494E45}.Debug|Any CPU.ActiveCfg = Debug|Any CPU
		{C942928B-BBE0-43DA-8B37-EAFE15494E45}.Debug|Any CPU.Build.0 = Debug|Any CPU
		{C942928B-BBE0-43DA-8B37-EAFE15494E45}.Debug|x64.ActiveCfg = Debug|Any CPU
		{C942928B-BBE0-43DA-8B37-EAFE15494E45}.Debug|x64.Build.0 = Debug|Any CPU
		{C942928B-BBE0-43DA-8B37-EAFE15494E45}.Release|Any CPU.ActiveCfg = Release|Any CPU
		{C942928B-BBE0-43DA-8B37-EAFE15494E45}.Release|Any CPU.Build.0 = Release|Any CPU
		{C942928B-BBE0-43DA-8B37-EAFE15494E45}.Release|x64.ActiveCfg = Release|Any CPU
		{C942928B-BBE0-43DA-8B37-EAFE15494E45}.Release|x64.Build.0 = Release|Any CPU
		{E87EA834-5770-4046-AAF2-E80CBEB1748F}.Debug|Any CPU.ActiveCfg = Debug|Any CPU
		{E87EA834-5770-4046-AAF2-E80CBEB1748F}.Debug|Any CPU.Build.0 = Debug|Any CPU
		{E87EA834-5770-4046-AAF2-E80CBEB1748F}.Debug|x64.ActiveCfg = Debug|Any CPU
		{E87EA834-5770-4046-AAF2-E80CBEB1748F}.Debug|x64.Build.0 = Debug|Any CPU
		{E87EA834-5770-4046-AAF2-E80CBEB1748F}.Release|Any CPU.ActiveCfg = Release|Any CPU
		{E87EA834-5770-4046-AAF2-E80CBEB1748F}.Release|Any CPU.Build.0 = Release|Any CPU
		{E87EA834-5770-4046-AAF2-E80CBEB1748F}.Release|x64.ActiveCfg = Release|Any CPU
		{E87EA834-5770-4046-AAF2-E80CBEB1748F}.Release|x64.Build.0 = Release|Any CPU
		{3AF3FDE7-46FF-4D23-BFDC-F5730229F7F2}.Debug|Any CPU.ActiveCfg = Debug|Any CPU
		{3AF3FDE7-46FF-4D23-BFDC-F5730229F7F2}.Debug|Any CPU.Build.0 = Debug|Any CPU
		{3AF3FDE7-46FF-4D23-BFDC-F5730229F7F2}.Debug|x64.ActiveCfg = Debug|Any CPU
		{3AF3FDE7-46FF-4D23-BFDC-F5730229F7F2}.Debug|x64.Build.0 = Debug|Any CPU
		{3AF3FDE7-46FF-4D23-BFDC-F5730229F7F2}.Release|Any CPU.ActiveCfg = Release|Any CPU
		{3AF3FDE7-46FF-4D23-BFDC-F5730229F7F2}.Release|Any CPU.Build.0 = Release|Any CPU
		{3AF3FDE7-46FF-4D23-BFDC-F5730229F7F2}.Release|x64.ActiveCfg = Release|Any CPU
		{3AF3FDE7-46FF-4D23-BFDC-F5730229F7F2}.Release|x64.Build.0 = Release|Any CPU
		{3504C9D1-A3BF-45C9-B65B-0DA546D81217}.Debug|Any CPU.ActiveCfg = Debug|Any CPU
		{3504C9D1-A3BF-45C9-B65B-0DA546D81217}.Debug|Any CPU.Build.0 = Debug|Any CPU
		{3504C9D1-A3BF-45C9-B65B-0DA546D81217}.Debug|x64.ActiveCfg = Debug|Any CPU
		{3504C9D1-A3BF-45C9-B65B-0DA546D81217}.Debug|x64.Build.0 = Debug|Any CPU
		{3504C9D1-A3BF-45C9-B65B-0DA546D81217}.Release|Any CPU.ActiveCfg = Release|Any CPU
		{3504C9D1-A3BF-45C9-B65B-0DA546D81217}.Release|Any CPU.Build.0 = Release|Any CPU
		{3504C9D1-A3BF-45C9-B65B-0DA546D81217}.Release|x64.ActiveCfg = Release|Any CPU
		{3504C9D1-A3BF-45C9-B65B-0DA546D81217}.Release|x64.Build.0 = Release|Any CPU
	EndGlobalSection
	GlobalSection(SolutionProperties) = preSolution
		HideSolutionNode = FALSE
	EndGlobalSection
	GlobalSection(NestedProjects) = preSolution
		{36569401-C574-41C2-8448-65A05373EE0C} = {F160DE20-5DBF-4131-B581-A1B9D2B2A371}
		{84FB9AE9-4059-4369-ABAA-C6C43B6B80CB} = {36569401-C574-41C2-8448-65A05373EE0C}
		{1719D99F-DE2B-4D8E-A6FA-3E119F1F86B6} = {F160DE20-5DBF-4131-B581-A1B9D2B2A371}
		{1F5E8E76-AA20-4D69-ABD6-5DD26A6067F5} = {1719D99F-DE2B-4D8E-A6FA-3E119F1F86B6}
		{00E194D1-0528-4822-A34D-6FE59B236E9F} = {F160DE20-5DBF-4131-B581-A1B9D2B2A371}
		{27F95E27-0B36-41E0-8472-C8D0B0861D33} = {00E194D1-0528-4822-A34D-6FE59B236E9F}
		{537348C1-4E10-4A76-AD1A-BED56F85C9E3} = {00E194D1-0528-4822-A34D-6FE59B236E9F}
		{4F35FC46-6B40-421D-8EC4-3AB29529658B} = {F160DE20-5DBF-4131-B581-A1B9D2B2A371}
		{C942928B-BBE0-43DA-8B37-EAFE15494E45} = {4F35FC46-6B40-421D-8EC4-3AB29529658B}
		{E87EA834-5770-4046-AAF2-E80CBEB1748F} = {4F35FC46-6B40-421D-8EC4-3AB29529658B}
		{3AF3FDE7-46FF-4D23-BFDC-F5730229F7F2} = {4F35FC46-6B40-421D-8EC4-3AB29529658B}
		{3504C9D1-A3BF-45C9-B65B-0DA546D81217} = {4F35FC46-6B40-421D-8EC4-3AB29529658B}
	EndGlobalSection
	GlobalSection(ExtensibilityGlobals) = postSolution
		SolutionGuid = {3C2484DA-CE83-4FA3-9339-7D5BD430A795}
	EndGlobalSection
EndGlobal
